{
  "name": "complex-app",
  "version": "1.0.0",
  "lockfileVersion": 3,
  "requires": true,
  "packages": {
    "": {
      "name": "complex-app",
      "version": "1.0.0",
      "license": "ISC",
      "workspaces": [
        "web/express-ts-css"
      ]
    },
    "node_modules/express-ts-css": {
      "resolved": "web/express-ts-css",
      "link": true
    },
    "web/express-ts-css": {
      "version": "1.0.0",
      "license": "ISC"
    }
  }
}
